{
    "_meta": {
        "hash": {
            "sha256": "60fa13b012d1bdddf949ead9dd9d704112fa4866803fb8475875a4bee48a05a5"
        },
        "pipfile-spec": 6,
        "requires": {
            "python_version": "3.10"
        },
        "sources": [
            {
                "name": "pypi",
                "url": "https://pypi.org/simple",
                "verify_ssl": true
            }
        ]
    },
    "default": {},
    "develop": {
        "exceptiongroup": {
            "hashes": [
                "sha256:232c37c63e4f682982c8b6459f33a8981039e5fb8756b2074364e5055c498c9e",
                "sha256:d484c3090ba2889ae2928419117447a14daf3c1231d5e30d0aae34f354f01785"
            ],
            "markers": "python_version < '3.11'",
            "version": "==1.1.1"
        },
        "iniconfig": {
            "hashes": [
                "sha256:2d91e135bf72d31a410b17c16da610a82cb55f6b0477d1a902134b24a455b8b3",
                "sha256:b6a85871a79d2e3b22d2d1b94ac2824226a63c6b741c88f7ae975f18b6778374"
            ],
            "markers": "python_version >= '3.7'",
            "version": "==2.0.0"
        },
        "matchmock": {
            "hashes": [
                "sha256:80df89c62f891e82ac20c42fd7147018d79d465c7fab09afd37f43b673ccef01",
                "sha256:a5ee2f8ed2c49c71455cfeca765fa49d86271b6ebf4708b9a0fed5e69aa5d3dc"
            ],
            "index": "pypi",
            "version": "==2.1.0"
        },
        "packaging": {
            "hashes": [
                "sha256:714ac14496c3e68c99c29b00845f7a2b85f3bb6f1078fd9f72fd20f0570002b2",
                "sha256:b6ad297f8907de0fa2fe1ccbd26fdaf387f5f47c7275fedf8cce89f99446cf97"
            ],
            "markers": "python_version >= '3.7'",
            "version": "==23.0"
        },
        "pluggy": {
            "hashes": [
                "sha256:4224373bacce55f955a878bf9cfa763c1e360858e330072059e10bad68531159",
                "sha256:74134bbf457f031a36d68416e1509f34bd5ccc019f0bcc952c7b909d06b37bd3"
            ],
            "markers": "python_version >= '3.6'",
            "version": "==1.0.0"
        },
        "pyhamcrest": {
            "hashes": [
                "sha256:60a41d4783b9d56c9ec8586635d2301db5072b3ea8a51c32dd03c408ae2b0f79",
                "sha256:b5d9ce6b977696286cf232ce2adf8969b4d0b045975b0936ac9005e84e67e9c1"
            ],
            "index": "pypi",
            "version": "==2.0.4"
        },
        "pytest": {
            "hashes": [
                "sha256:58ecc27ebf0ea643ebfdf7fb1249335da761a00c9f955bcd922349bcb68ee57d",
                "sha256:933051fa1bfbd38a21e73c3960cebdad4cf59483ddba7696c48509727e17f201"
            ],
            "index": "pypi",
            "version": "==7.3.0"
        },
        "pytest-mock": {
            "hashes": [
                "sha256:f4c973eeae0282963eb293eb173ce91b091a79c1334455acfac9ddee8a1c784b",
                "sha256:fbbdb085ef7c252a326fd8cdcac0aa3b1333d8811f131bdcc701002e1be7ed4f"
            ],
            "index": "pypi",
            "version": "==3.10.0"
        },
        "ruff": {
            "hashes": [
                "sha256:0fbc689c23609edda36169c8708bb91bab111d8f44cb4a88330541757770ab30",
                "sha256:2dba68a9e558ab33e6dd5d280af798a2d9d3c80c913ad9c8b8e97d7b287f1cc9",
                "sha256:39abd02342cec0c131b2ddcaace08b2eae9700cab3ca7dba64ae5fd4f4881bd0",
                "sha256:4bcec45abdf65c1328a269cf6cc193f7ff85b777fa2865c64cf2c96b80148a2c",
                "sha256:581e64fa1518df495ca890a605ee65065101a86db56b6858f848bade69fc6489",
                "sha256:6624a966c4a21110cee6780333e2216522a831364896f3d98f13120936eff40a",
                "sha256:6c5f397ec0af42a434ad4b6f86565027406c5d0d0ebeea0d5b3f90c4bf55bc82",
                "sha256:8dbd0cee5a81b0785dc0feeb2640c1e31abe93f0d77c5233507ac59731a626f1",
                "sha256:8fa98e747e0fe185d65a40b0ea13f55c492f3b5f9a032a1097e82edaddb9e52e",
                "sha256:aaa4f52a6e513f8daa450dac4859e80390d947052f592f0d8e796baab24df2fc",
                "sha256:c1c715b0d1e18f9c509d7c411ca61da3543a4aa459325b1b1e52b8301d65c6d2",
                "sha256:cc970f6ece0b4950e419f0252895ee42e9e8e5689c6494d18f5dc2c6ebb7f798",
                "sha256:d1293acc64eba16a11109678dc4743df08c207ed2edbeaf38b3e10eb2597321b",
                "sha256:d2eddc60ae75fc87f8bb8fd6e8d5339cf884cd6de81e82a50287424309c187ba",
                "sha256:d95596e2f4cafead19a6d1ec0b86f8fda45ba66fe934de3956d71146a87959b3",
                "sha256:daff64b4e86e42ce69e6367d63aab9562fc213cd4db0e146859df8abc283dba0",
                "sha256:f268d52a71bf410aa45c232870c17049df322a7d20e871cfe622c9fc784aab7b"
            ],
            "index": "pypi",
            "version": "==0.0.261"
        },
        "tomli": {
            "hashes": [
                "sha256:939de3e7a6161af0c887ef91b7d41a53e7c5a1ca976325f429cb46ea9bc30ecc",
                "sha256:de526c12914f0c550d15924c62d72abc48d6fe7364aa87328337a31007fe8a4f"
            ],
            "markers": "python_version < '3.11'",
            "version": "==2.0.1"
        }
    }
}
